// !$*UTF8*$!
{
	archiveVersion = 1;
	classes = {
	};
	objectVersion = 50;
	objects = {

/* Begin PBXBuildFile section */
		91D45DF624C361D60067FDE7 /* AppDelegate.swift in Sources */ = {isa = PBXBuildFile; fileRef = 91D45DF524C361D60067FDE7 /* AppDelegate.swift */; };
		91D45DF824C361D60067FDE7 /* art.scnassets in Resources */ = {isa = PBXBuildFile; fileRef = 91D45DF724C361D60067FDE7 /* art.scnassets */; };
		91D45DFA24C361D60067FDE7 /* ViewController.swift in Sources */ = {isa = PBXBuildFile; fileRef = 91D45DF924C361D60067FDE7 /* ViewController.swift */; };
		91D45DFD24C361D60067FDE7 /* Main.storyboard in Resources */ = {isa = PBXBuildFile; fileRef = 91D45DFB24C361D60067FDE7 /* Main.storyboard */; };
		91D45DFF24C361D80067FDE7 /* Assets.xcassets in Resources */ = {isa = PBXBuildFile; fileRef = 91D45DFE24C361D80067FDE7 /* Assets.xcassets */; };
		91D45E0224C361D80067FDE7 /* LaunchScreen.storyboard in Resources */ = {isa = PBXBuildFile; fileRef = 91D45E0024C361D80067FDE7 /* LaunchScreen.storyboard */; };
/* End PBXBuildFile section */

/* Begin PBXFileReference section */
		91D45DF224C361D60067FDE7 /* BinBall.app */ = {isa = PBXFileReference; explicitFileType = wrapper.application; includeInIndex = 0; path = BinBall.app; sourceTree = BUILT_PRODUCTS_DIR; };
		91D45DF524C361D60067FDE7 /* AppDelegate.swift */ = {isa = PBXFileReference; lastKnownFileType = sourcecode.swift; path = AppDelegate.swift; sourceTree = "<group>"; };
		91D45DF724C361D60067FDE7 /* art.scnassets */ = {isa = PBXFileReference; lastKnownFileType = wrapper.scnassets; path = art.scnassets; sourceTree = "<group>"; };
		91D45DF924C361D60067FDE7 /* ViewController.swift */ = {isa = PBXFileReference; lastKnownFileType = sourcecode.swift; path = ViewController.swift; sourceTree = "<group>"; };
		91D45DFC24C361D60067FDE7 /* Base */ = {isa = PBXFileReference; lastKnownFileType = file.storyboard; name = Base; path = Base.lproj/Main.storyboard; sourceTree = "<group>"; };
		91D45DFE24C361D80067FDE7 /* Assets.xcassets */ = {isa = PBXFileReference; lastKnownFileType = folder.assetcatalog; path = Assets.xcassets; sourceTree = "<group>"; };
		91D45E0124C361D80067FDE7 /* Base */ = {isa = PBXFileReference; lastKnownFileType = file.storyboard; name = Base; path = Base.lproj/LaunchScreen.storyboard; sourceTree = "<group>"; };
		91D45E0324C361D80067FDE7 /* Info.plist */ = {isa = PBXFileReference; lastKnownFileType = text.plist.xml; path = Info.plist; sourceTree = "<group>"; };
/* End PBXFileReference section */

/* Begin PBXFrameworksBuildPhase section */
		91D45DEF24C361D60067FDE7 /* Frameworks */ = {
			isa = PBXFrameworksBuildPhase;
			buildActionMask = 2147483647;
			files = (
			);
			runOnlyForDeploymentPostprocessing = 0;
		};
/* End PBXFrameworksBuildPhase section */

/* Begin PBXGroup section */
		91D45DE924C361D60067FDE7 = {
			isa = PBXGroup;
			children = (
				91D45DF424C361D60067FDE7 /* BinBall */,
				91D45DF324C361D60067FDE7 /* Products */,
			);
			sourceTree = "<group>";
		};
		91D45DF324C361D60067FDE7 /* Products */ = {
			isa = PBXGroup;
			children = (
				91D45DF224C361D60067FDE7 /* BinBall.app */,
			);
			name = Products;
			sourceTree = "<group>";
		};
		91D45DF424C361D60067FDE7 /* BinBall */ = {
			isa = PBXGroup;
			children = (
				91D45DF524C361D60067FDE7 /* AppDelegate.swift */,
				91D45DF724C361D60067FDE7 /* art.scnassets */,
				91D45DF924C361D60067FDE7 /* ViewController.swift */,
				91D45DFB24C361D60067FDE7 /* Main.storyboard */,
				91D45DFE24C361D80067FDE7 /* Assets.xcassets */,
				91D45E0024C361D80067FDE7 /* LaunchScreen.storyboard */,
				91D45E0324C361D80067FDE7 /* Info.plist */,
			);
			path = BinBall;
			sourceTree = "<group>";
		};
/* End PBXGroup section */

/* Begin PBXNativeTarget section */
		91D45DF124C361D60067FDE7 /* BinBall */ = {
			isa = PBXNativeTarget;
			buildConfigurationList = 91D45E0624C361D80067FDE7 /* Build configuration list for PBXNativeTarget "BinBall" */;
			buildPhases = (
				91D45DEE24C361D60067FDE7 /* Sources */,
				91D45DEF24C361D60067FDE7 /* Frameworks */,
				91D45DF024C361D60067FDE7 /* Resources */,
			);
			buildRules = (
			);
			dependencies = (
			);
			name = BinBall;
			productName = BinBall;
			productReference = 91D45DF224C361D60067FDE7 /* BinBall.app */;
			productType = "com.apple.product-type.application";
		};
/* End PBXNativeTarget section */

/* Begin PBXProject section */
		91D45DEA24C361D60067FDE7 /* Project object */ = {
			isa = PBXProject;
			attributes = {
				LastSwiftUpdateCheck = 1160;
				LastUpgradeCheck = 1160;
				ORGANIZATIONNAME = "Paulo Custódio";
				TargetAttributes = {
					91D45DF124C361D60067FDE7 = {
						CreatedOnToolsVersion = 11.6;
					};
				};
			};
			buildConfigurationList = 91D45DED24C361D60067FDE7 /* Build configuration list for PBXProject "BinBall" */;
			compatibilityVersion = "Xcode 9.3";
			developmentRegion = en;
			hasScannedForEncodings = 0;
			knownRegions = (
				en,
				Base,
			);
			mainGroup = 91D45DE924C361D60067FDE7;
			productRefGroup = 91D45DF324C361D60067FDE7 /* Products */;
			projectDirPath = "";
			projectRoot = "";
			targets = (
				91D45DF124C361D60067FDE7 /* BinBall */,
			);
		};
/* End PBXProject section */

/* Begin PBXResourcesBuildPhase section */
		91D45DF024C361D60067FDE7 /* Resources */ = {
			isa = PBXResourcesBuildPhase;
			buildActionMask = 2147483647;
			files = (
				91D45DF824C361D60067FDE7 /* art.scnassets in Resources */,
				91D45E0224C361D80067FDE7 /* LaunchScreen.storyboard in Resources */,
				91D45DFF24C361D80067FDE7 /* Assets.xcassets in Resources */,
				91D45DFD24C361D60067FDE7 /* Main.storyboard in Resources */,
			);
			runOnlyForDeploymentPostprocessing = 0;
		};
/* End PBXResourcesBuildPhase section */

/* Begin PBXSourcesBuildPhase section */
		91D45DEE24C361D60067FDE7 /* Sources */ = {
			isa = PBXSourcesBuildPhase;
			buildActionMask = 2147483647;
			files = (
				91D45DFA24C361D60067FDE7 /* ViewController.swift in Sources */,
				91D45DF624C361D60067FDE7 /* AppDelegate.swift in Sources */,
			);
			runOnlyForDeploymentPostprocessing = 0;
		};
/* End PBXSourcesBuildPhase section */

/* Begin PBXVariantGroup section */
		91D45DFB24C361D60067FDE7 /* Main.storyboard */ = {
			isa = PBXVariantGroup;
			children = (
				91D45DFC24C361D60067FDE7 /* Base */,
			);
			name = Main.storyboard;
			sourceTree = "<group>";
		};
		91D45E0024C361D80067FDE7 /* LaunchScreen.storyboard */ = {
			isa = PBXVariantGroup;
			children = (
				91D45E0124C361D80067FDE7 /* Base */,
			);
			name = LaunchScreen.storyboard;
			sourceTree = "<group>";
		};
/* End PBXVariantGroup section */

/* Begin XCBuildConfiguration section */
		91D45E0424C361D80067FDE7 /* Debug */ = {
			isa = XCBuildConfiguration;
			buildSettings = {
				ALWAYS_SEARCH_USER_PATHS = NO;
				CLANG_ANALYZER_NONNULL = YES;
				CLANG_ANALYZER_NUMBER_OBJECT_CONVERSION = YES_AGGRESSIVE;
				CLANG_CXX_LANGUAGE_STANDARD = "gnu++14";
				CLANG_CXX_LIBRARY = "libc++";
				CLANG_ENABLE_MODULES = YES;
				CLANG_ENABLE_OBJC_ARC = YES;
				CLANG_ENABLE_OBJC_WEAK = YES;
				CLANG_WARN_BLOCK_CAPTURE_AUTORELEASING = YES;
				CLANG_WARN_BOOL_CONVERSION = YES;
				CLANG_WARN_COMMA = YES;
				CLANG_WARN_CONSTANT_CONVERSION = YES;
				CLANG_WARN_DEPRECATED_OBJC_IMPLEMENTATIONS = YES;
				CLANG_WARN_DIRECT_OBJC_ISA_USAGE = YES_ERROR;
				CLANG_WARN_DOCUMENTATION_COMMENTS = YES;
				CLANG_WARN_EMPTY_BODY = YES;
				CLANG_WARN_ENUM_CONVERSION = YES;
				CLANG_WARN_INFINITE_RECURSION = YES;
				CLANG_WARN_INT_CONVERSION = YES;
				CLANG_WARN_NON_LITERAL_NULL_CONVERSION = YES;
				CLANG_WARN_OBJC_IMPLICIT_RETAIN_SELF = YES;
				CLANG_WARN_OBJC_LITERAL_CONVERSION = YES;
				CLANG_WARN_OBJC_ROOT_CLASS = YES_ERROR;
				CLANG_WARN_RANGE_LOOP_ANALYSIS = YES;
				CLANG_WARN_STRICT_PROTOTYPES = YES;
				CLANG_WARN_SUSPICIOUS_MOVE = YES;
				CLANG_WARN_UNGUARDED_AVAILABILITY = YES_AGGRESSIVE;
				CLANG_WARN_UNREACHABLE_CODE = YES;
				CLANG_WARN__DUPLICATE_METHOD_MATCH = YES;
				COPY_PHASE_STRIP = NO;
				DEBUG_INFORMATION_FORMAT = dwarf;
				ENABLE_STRICT_OBJC_MSGSEND = YES;
				ENABLE_TESTABILITY = YES;
				GCC_C_LANGUAGE_STANDARD = gnu11;
				GCC_DYNAMIC_NO_PIC = NO;
				GCC_NO_COMMON_BLOCKS = YES;
				GCC_OPTIMIZATION_LEVEL = 0;
				GCC_PREPROCESSOR_DEFINITIONS = (
					"DEBUG=1",
					"$(inherited)",
				);
				GCC_WARN_64_TO_32_BIT_CONVERSION = YES;
				GCC_WARN_ABOUT_RETURN_TYPE = YES_ERROR;
				GCC_WARN_UNDECLARED_SELECTOR = YES;
				GCC_WARN_UNINITIALIZED_AUTOS = YES_AGGRESSIVE;
				GCC_WARN_UNUSED_FUNCTION = YES;
				GCC_WARN_UNUSED_VARIABLE = YES;
				IPHONEOS_DEPLOYMENT_TARGET = 13.6;
				MTL_ENABLE_DEBUG_INFO = INCLUDE_SOURCE;
				MTL_FAST_MATH = YES;
				ONLY_ACTIVE_ARCH = YES;
				SDKROOT = iphoneos;
				SWIFT_ACTIVE_COMPILATION_CONDITIONS = DEBUG;
				SWIFT_OPTIMIZATION_LEVEL = "-Onone";
			};
			name = Debug;
		};
		91D45E0524C361D80067FDE7 /* Release */ = {
			isa = XCBuildConfiguration;
			buildSettings = {
				ALWAYS_SEARCH_USER_PATHS = NO;
				CLANG_ANALYZER_NONNULL = YES;
				CLANG_ANALYZER_NUMBER_OBJECT_CONVERSION = YES_AGGRESSIVE;
				CLANG_CXX_LANGUAGE_STANDARD = "gnu++14";
				CLANG_CXX_LIBRARY = "libc++";
				CLANG_ENABLE_MODULES = YES;
				CLANG_ENABLE_OBJC_ARC = YES;
				CLANG_ENABLE_OBJC_WEAK = YES;
				CLANG_WARN_BLOCK_CAPTURE_AUTORELEASING = YES;
				CLANG_WARN_BOOL_CONVERSION = YES;
				CLANG_WARN_COMMA = YES;
				CLANG_WARN_CONSTANT_CONVERSION = YES;
				CLANG_WARN_DEPRECATED_OBJC_IMPLEMENTATIONS = YES;
				CLANG_WARN_DIRECT_OBJC_ISA_USAGE = YES_ERROR;
				CLANG_WARN_DOCUMENTATION_COMMENTS = YES;
				CLANG_WARN_EMPTY_BODY = YES;
				CLANG_WARN_ENUM_CONVERSION = YES;
				CLANG_WARN_INFINITE_RECURSION = YES;
				CLANG_WARN_INT_CONVERSION = YES;
				CLANG_WARN_NON_LITERAL_NULL_CONVERSION = YES;
				CLANG_WARN_OBJC_IMPLICIT_RETAIN_SELF = YES;
				CLANG_WARN_OBJC_LITERAL_CONVERSION = YES;
				CLANG_WARN_OBJC_ROOT_CLASS = YES_ERROR;
				CLANG_WARN_RANGE_LOOP_ANALYSIS = YES;
				CLANG_WARN_STRICT_PROTOTYPES = YES;
				CLANG_WARN_SUSPICIOUS_MOVE = YES;
				CLANG_WARN_UNGUARDED_AVAILABILITY = YES_AGGRESSIVE;
				CLANG_WARN_UNREACHABLE_CODE = YES;
				CLANG_WARN__DUPLICATE_METHOD_MATCH = YES;
				COPY_PHASE_STRIP = NO;
				DEBUG_INFORMATION_FORMAT = "dwarf-with-dsym";
				ENABLE_NS_ASSERTIONS = NO;
				ENABLE_STRICT_OBJC_MSGSEND = YES;
				GCC_C_LANGUAGE_STANDARD = gnu11;
				GCC_NO_COMMON_BLOCKS = YES;
				GCC_WARN_64_TO_32_BIT_CONVERSION = YES;
				GCC_WARN_ABOUT_RETURN_TYPE = YES_ERROR;
				GCC_WARN_UNDECLARED_SELECTOR = YES;
				GCC_WARN_UNINITIALIZED_AUTOS = YES_AGGRESSIVE;
				GCC_WARN_UNUSED_FUNCTION = YES;
				GCC_WARN_UNUSED_VARIABLE = YES;
				IPHONEOS_DEPLOYMENT_TARGET = 13.6;
				MTL_ENABLE_DEBUG_INFO = NO;
				MTL_FAST_MATH = YES;
				SDKROOT = iphoneos;
				SWIFT_COMPILATION_MODE = wholemodule;
				SWIFT_OPTIMIZATION_LEVEL = "-O";
				VALIDATE_PRODUCT = YES;
			};
			name = Release;
		};
		91D45E0724C361D80067FDE7 /* Debug */ = {
			isa = XCBuildConfiguration;
			buildSettings = {
				ASSETCATALOG_COMPILER_APPICON_NAME = AppIcon;
				CODE_SIGN_STYLE = Automatic;
				DEVELOPMENT_TEAM = 95K55BPZP5;
				INFOPLIST_FILE = BinBall/Info.plist;
				LD_RUNPATH_SEARCH_PATHS = (
					"$(inherited)",
					"@executable_path/Frameworks",
				);
				PRODUCT_BUNDLE_IDENTIFIER = com.binball.BinBall;
				PRODUCT_NAME = "$(TARGET_NAME)";
				SWIFT_VERSION = 5.0;
				TARGETED_DEVICE_FAMILY = "1,2";
			};
			name = Debug;
		};
		91D45E0824C361D80067FDE7 /* Release */ = {
			isa = XCBuildConfiguration;
			buildSettings = {
				ASSETCATALOG_COMPILER_APPICON_NAME = AppIcon;
				CODE_SIGN_STYLE = Automatic;
				DEVELOPMENT_TEAM = 95K55BPZP5;
				INFOPLIST_FILE = BinBall/Info.plist;
				LD_RUNPATH_SEARCH_PATHS = (
					"$(inherited)",
					"@executable_path/Frameworks",
				);
				PRODUCT_BUNDLE_IDENTIFIER = com.binball.BinBall;
				PRODUCT_NAME = "$(TARGET_NAME)";
				SWIFT_VERSION = 5.0;
				TARGETED_DEVICE_FAMILY = "1,2";
			};
			name = Release;
		};
/* End XCBuildConfiguration section */

/* Begin XCConfigurationList section */
		91D45DED24C361D60067FDE7 /* Build configuration list for PBXProject "BinBall" */ = {
			isa = XCConfigurationList;
			buildConfigurations = (
				91D45E0424C361D80067FDE7 /* Debug */,
				91D45E0524C361D80067FDE7 /* Release */,
			);
			defaultConfigurationIsVisible = 0;
			defaultConfigurationName = Release;
		};
		91D45E0624C361D80067FDE7 /* Build configuration list for PBXNativeTarget "BinBall" */ = {
			isa = XCConfigurationList;
			buildConfigurations = (
				91D45E0724C361D80067FDE7 /* Debug */,
				91D45E0824C361D80067FDE7 /* Release */,
			);
			defaultConfigurationIsVisible = 0;
			defaultConfigurationName = Release;
		};
/* End XCConfigurationList section */
	};
	rootObject = 91D45DEA24C361D60067FDE7 /* Project object */;
}
